
Microsoft Visual Studio Solution File, Format Version 12.00
# Visual Studio Version 17
VisualStudioVersion = 17.10.35013.160
MinimumVisualStudioVersion = 10.0.40219.1
Project("{FAE04EC0-301F-11D3-BF4B-00C04F79EFBC}") = "PriceComparison.Api", "PriceComparison.Api\PriceComparison.Api.csproj", "{E843B64E-1C86-4BE6-8AE3-D41B6DB74531}"
EndProject
Project("{FAE04EC0-301F-11D3-BF4B-00C04F79EFBC}") = "PriceComparison.Application", "PriceComparison.Application\PriceComparison.Application.csproj", "{99AEE022-8876-4F72-9A41-DE7EF7DB99B4}"
EndProject
Project("{FAE04EC0-301F-11D3-BF4B-00C04F79EFBC}") = "PriceComparison.Infrastructure", "PriceComparison.Infrastructure\PriceComparison.Infrastructure.csproj", "{CFC41D3F-6443-4F63-88C5-1E959E9BDD9E}"
EndProject
Global
	GlobalSection(SolutionConfigurationPlatforms) = preSolution
		Debug|Any CPU = Debug|Any CPU
		Release|Any CPU = Release|Any CPU
	EndGlobalSection
	GlobalSection(ProjectConfigurationPlatforms) = postSolution
		{E843B64E-1C86-4BE6-8AE3-D41B6DB74531}.Debug|Any CPU.ActiveCfg = Debug|Any CPU
		{E843B64E-1C86-4BE6-8AE3-D41B6DB74531}.Debug|Any CPU.Build.0 = Debug|Any CPU
		{E843B64E-1C86-4BE6-8AE3-D41B6DB74531}.Release|Any CPU.ActiveCfg = Release|Any CPU
		{E843B64E-1C86-4BE6-8AE3-D41B6DB74531}.Release|Any CPU.Build.0 = Release|Any CPU
		{99AEE022-8876-4F72-9A41-DE7EF7DB99B4}.Debug|Any CPU.ActiveCfg = Debug|Any CPU
		{99AEE022-8876-4F72-9A41-DE7EF7DB99B4}.Debug|Any CPU.Build.0 = Debug|Any CPU
		{99AEE022-8876-4F72-9A41-DE7EF7DB99B4}.Release|Any CPU.ActiveCfg = Release|Any CPU
		{99AEE022-8876-4F72-9A41-DE7EF7DB99B4}.Release|Any CPU.Build.0 = Release|Any CPU
		{CFC41D3F-6443-4F63-88C5-1E959E9BDD9E}.Debug|Any CPU.ActiveCfg = Debug|Any CPU
		{CFC41D3F-6443-4F63-88C5-1E959E9BDD9E}.Debug|Any CPU.Build.0 = Debug|Any CPU
		{CFC41D3F-6443-4F63-88C5-1E959E9BDD9E}.Release|Any CPU.ActiveCfg = Release|Any CPU
		{CFC41D3F-6443-4F63-88C5-1E959E9BDD9E}.Release|Any CPU.Build.0 = Release|Any CPU
	EndGlobalSection
	GlobalSection(SolutionProperties) = preSolution
		HideSolutionNode = FALSE
	EndGlobalSection
	GlobalSection(ExtensibilityGlobals) = postSolution
		SolutionGuid = {01E0508D-7E11-49F2-B042-781816C8BCD9}
	EndGlobalSection
EndGlobal
